
Microsoft Visual Studio Solution File, Format Version 12.00
# Visual Studio Version 16
VisualStudioVersion = 16.0.30011.22
MinimumVisualStudioVersion = 10.0.40219.1
Project("{FAE04EC0-301F-11D3-BF4B-00C04F79EFBC}") = "Model", "Model\Model.csproj", "{53165E1F-CECF-4C71-BFB4-A1FD9819B874}"
EndProject
Project("{FAE04EC0-301F-11D3-BF4B-00C04F79EFBC}") = "Controller", "Controller\Controller.csproj", "{5FBACE11-F37E-4A21-A01E-BC370195BFC3}"
EndProject
Project("{FAE04EC0-301F-11D3-BF4B-00C04F79EFBC}") = "Capa_view", "Capa_view\Capa_view.csproj", "{F4131C58-9A13-4FEF-AE1B-4BDCEEE54259}"
EndProject
Global
	GlobalSection(SolutionConfigurationPlatforms) = preSolution
		Debug|Any CPU = Debug|Any CPU
		Release|Any CPU = Release|Any CPU
	EndGlobalSection
	GlobalSection(ProjectConfigurationPlatforms) = postSolution
		{53165E1F-CECF-4C71-BFB4-A1FD9819B874}.Debug|Any CPU.ActiveCfg = Debug|Any CPU
		{53165E1F-CECF-4C71-BFB4-A1FD9819B874}.Debug|Any CPU.Build.0 = Debug|Any CPU
		{53165E1F-CECF-4C71-BFB4-A1FD9819B874}.Release|Any CPU.ActiveCfg = Release|Any CPU
		{53165E1F-CECF-4C71-BFB4-A1FD9819B874}.Release|Any CPU.Build.0 = Release|Any CPU
		{5FBACE11-F37E-4A21-A01E-BC370195BFC3}.Debug|Any CPU.ActiveCfg = Debug|Any CPU
		{5FBACE11-F37E-4A21-A01E-BC370195BFC3}.Debug|Any CPU.Build.0 = Debug|Any CPU
		{5FBACE11-F37E-4A21-A01E-BC370195BFC3}.Release|Any CPU.ActiveCfg = Release|Any CPU
		{5FBACE11-F37E-4A21-A01E-BC370195BFC3}.Release|Any CPU.Build.0 = Release|Any CPU
		{F4131C58-9A13-4FEF-AE1B-4BDCEEE54259}.Debug|Any CPU.ActiveCfg = Debug|Any CPU
		{F4131C58-9A13-4FEF-AE1B-4BDCEEE54259}.Debug|Any CPU.Build.0 = Debug|Any CPU
		{F4131C58-9A13-4FEF-AE1B-4BDCEEE54259}.Release|Any CPU.ActiveCfg = Release|Any CPU
		{F4131C58-9A13-4FEF-AE1B-4BDCEEE54259}.Release|Any CPU.Build.0 = Release|Any CPU
	EndGlobalSection
	GlobalSection(SolutionProperties) = preSolution
		HideSolutionNode = FALSE
	EndGlobalSection
	GlobalSection(ExtensibilityGlobals) = postSolution
		SolutionGuid = {DF1B889F-3585-4A0B-9069-ED93AD134FA2}
	EndGlobalSection
EndGlobal
